
Microsoft Visual Studio Solution File, Format Version 12.00
# Visual Studio Version 16
VisualStudioVersion = 16.0.30517.126
MinimumVisualStudioVersion = 10.0.40219.1
Project("{FAE04EC0-301F-11D3-BF4B-00C04F79EFBC}") = "Vehicles", "Vehicles\Vehicles.csproj", "{527D3A84-304A-4EAE-8FB2-61BE98F7B93E}"
EndProject
Global
	GlobalSection(SolutionConfigurationPlatforms) = preSolution
		Debug|Any CPU = Debug|Any CPU
		Release|Any CPU = Release|Any CPU
	EndGlobalSection
	GlobalSection(ProjectConfigurationPlatforms) = postSolution
		{527D3A84-304A-4EAE-8FB2-61BE98F7B93E}.Debug|Any CPU.ActiveCfg = Debug|Any CPU
		{527D3A84-304A-4EAE-8FB2-61BE98F7B93E}.Debug|Any CPU.Build.0 = Debug|Any CPU
		{527D3A84-304A-4EAE-8FB2-61BE98F7B93E}.Release|Any CPU.ActiveCfg = Release|Any CPU
		{527D3A84-304A-4EAE-8FB2-61BE98F7B93E}.Release|Any CPU.Build.0 = Release|Any CPU
	EndGlobalSection
	GlobalSection(SolutionProperties) = preSolution
		HideSolutionNode = FALSE
	EndGlobalSection
	GlobalSection(ExtensibilityGlobals) = postSolution
		SolutionGuid = {00EA538C-044A-4AE1-8C24-E09468AD9612}
	EndGlobalSection
EndGlobal
